{
  "version": 4,
  "terraform_version": "1.2.3",
  "serial": 199,
  "lineage": "9ef818c4-83c3-d582-0c03-c66083a66d2f",
  "outputs": {},
  "resources": [
    {
      "module": "module.cloudsql",
      "mode": "managed",
      "type": "google_sql_database_instance",
      "name": "sql_instance",
      "provider": "provider[\"registry.terraform.io/hashicorp/google\"]",
      "instances": [
        {
          "schema_version": 0,
          "attributes": {
            "clone": [],
            "connection_name": "dataengbootcamp:us-central1:airflow-metadata-1",
            "database_version": "POSTGRES_12",
            "deletion_protection": false,
            "first_ip_address": "35.184.184.10",
            "id": "airflow-metadata-1",
            "ip_address": [
              {
                "ip_address": "35.184.184.10",
                "time_to_retire": "",
                "type": "PRIMARY"
              },
              {
                "ip_address": "34.122.221.11",
                "time_to_retire": "",
                "type": "OUTGOING"
              }
            ],
            "master_instance_name": "",
            "name": "airflow-metadata-1",
            "private_ip_address": "",
            "project": "dataengbootcamp",
            "public_ip_address": "35.184.184.10",
            "region": "us-central1",
            "replica_configuration": [],
            "restore_backup_context": [],
            "root_password": null,
            "self_link": "https://sqladmin.googleapis.com/sql/v1beta4/projects/dataengbootcamp/instances/airflow-metadata-1",
            "server_ca_cert": [
              {
                "cert": "-----BEGIN CERTIFICATE-----\nMIIDfzCCAmegAwIBAgIBADANBgkqhkiG9w0BAQsFADB3MS0wKwYDVQQuEyRiNzcz\nMzdjYi0xNGE0LTRlZjgtYjk2Yi0wNDdkNWJjMjFkYjExIzAhBgNVBAMTGkdvb2ds\nZSBDbG91ZCBTUUwgU2VydmVyIENBMRQwEgYDVQQKEwtHb29nbGUsIEluYzELMAkG\nA1UEBhMCVVMwHhcNMjIwODA5MDYxMDM3WhcNMzIwODA2MDYxMTM3WjB3MS0wKwYD\nVQQuEyRiNzczMzdjYi0xNGE0LTRlZjgtYjk2Yi0wNDdkNWJjMjFkYjExIzAhBgNV\nBAMTGkdvb2dsZSBDbG91ZCBTUUwgU2VydmVyIENBMRQwEgYDVQQKEwtHb29nbGUs\nIEluYzELMAkGA1UEBhMCVVMwggEiMA0GCSqGSIb3DQEBAQUAA4IBDwAwggEKAoIB\nAQCSKM+EU8DMaNRVIli2J14XO/WMwdN9M0Wmv+IretqTCQy/8ej1JhmQTNkzBTjf\nRpKH7fWPW+oXOzzXlFpw5b1aJjiE1C2ZMMdpaSlOQn8mr7/i3Rr/gp1nMyS/OacU\n6mSs71hJ5ZL+75p5vN/XrafBAb7V8Teklp0w2mXLYV+UPT9lYm3roQRFvPn9vRpd\nIPCwBGIMtslxwP65xEGRqWlfQtqXAy+YLtr2fqeqpnNETxKqH+ZZxmBnC71LbGyg\ny5IcRj9pUKVAsTlg7EmNRz8pqXmDQos3nX0o/6zF0xOKOo6+EHfFyh4Z1C1FOK+g\n/uK1aG0OVLlUvFg29PvdmNGXAgMBAAGjFjAUMBIGA1UdEwEB/wQIMAYBAf8CAQAw\nDQYJKoZIhvcNAQELBQADggEBAIZmJjZ0Xc4ntmkoOhjo8iFz/ZG5NLyjjFUVZdgB\nH9g8Pg4uzOMW0hq12M6F6bf2dX4E7w4XlW0j4kZZLPaskXo4WJZUnuqE4noVMi7R\nRtwVRaLL35ykST+PdeZKGnd8l9PaHuh+yEXRhZkrpLQL6Ak2Wtl6U5Mri8W6ZtXh\nZeqXGkHHDBr9YJ5oxWKBy1tk+lNINa0SkijVBeM4o+MDvVw30PFJx1jpx7TtoBH2\nVi2qzNBp68ehbUV3FbcuNWpJAsaGBFx6ipu0XyBopTVRHI6g98FzjdCU8maLLLVA\n/9/qAzzzXPwLpDVoiA9HlOzyjAxlTbxOTIaDAWr4+tCRlB8=\n-----END CERTIFICATE-----",
                "common_name": "C=US,O=Google\\, Inc,CN=Google Cloud SQL Server CA,dnQualifier=b77337cb-14a4-4ef8-b96b-047d5bc21db1",
                "create_time": "2022-08-09T06:10:37.843Z",
                "expiration_time": "2032-08-06T06:11:37.843Z",
                "sha1_fingerprint": "75c4b4cdde29898051d640e8efdb599b6f913b39"
              }
            ],
            "service_account_email_address": "p1020190075299-pbsu4k@gcp-sa-cloud-sql.iam.gserviceaccount.com",
            "settings": [
              {
                "activation_policy": "ALWAYS",
                "authorized_gae_applications": [],
                "availability_type": "ZONAL",
                "backup_configuration": [
                  {
                    "backup_retention_settings": [
                      {
                        "retained_backups": 7,
                        "retention_unit": "COUNT"
                      }
                    ],
                    "binary_log_enabled": false,
                    "enabled": false,
                    "location": "",
                    "point_in_time_recovery_enabled": false,
                    "start_time": "04:00",
                    "transaction_log_retention_days": 7
                  }
                ],
                "crash_safe_replication": false,
                "database_flags": [],
                "disk_autoresize": true,
                "disk_autoresize_limit": 0,
                "disk_size": 10,
                "disk_type": "PD_SSD",
                "insights_config": [],
                "ip_configuration": [
                  {
                    "authorized_networks": [
                      {
                        "expiration_time": "",
                        "name": "test-cluster",
                        "value": "0.0.0.0/0"
                      }
                    ],
                    "ipv4_enabled": true,
                    "private_network": "",
                    "require_ssl": false
                  }
                ],
                "location_preference": [
                  {
                    "follow_gae_application": "",
                    "zone": "us-central1-a"
                  }
                ],
                "maintenance_window": [],
                "pricing_plan": "PER_USE",
                "replication_type": "SYNCHRONOUS",
                "tier": "db-f1-micro",
                "user_labels": {},
                "version": 1
              }
            ],
            "timeouts": null
          },
          "sensitive_attributes": [],
          "private": "eyJlMmJmYjczMC1lY2FhLTExZTYtOGY4OC0zNDM2M2JjN2M0YzAiOnsiY3JlYXRlIjoxODAwMDAwMDAwMDAwLCJkZWxldGUiOjE4MDAwMDAwMDAwMDAsInVwZGF0ZSI6MTgwMDAwMDAwMDAwMH19"
        }
      ]
    },
    {
      "module": "module.cloudsql",
      "mode": "managed",
      "type": "google_sql_user",
      "name": "users",
      "provider": "provider[\"registry.terraform.io/hashicorp/google\"]",
      "instances": [
        {
          "schema_version": 1,
          "attributes": {
            "deletion_policy": null,
            "host": "",
            "id": "postgres//airflow-metadata-1",
            "instance": "airflow-metadata-1",
            "name": "postgres",
            "password": "%:J:1=Fx;,jKnV^s",
            "project": "dataengbootcamp",
            "timeouts": null,
            "type": ""
          },
          "sensitive_attributes": [],
          "private": "eyJlMmJmYjczMC1lY2FhLTExZTYtOGY4OC0zNDM2M2JjN2M0YzAiOnsiY3JlYXRlIjo2MDAwMDAwMDAwMDAsImRlbGV0ZSI6NjAwMDAwMDAwMDAwLCJ1cGRhdGUiOjYwMDAwMDAwMDAwMH0sInNjaGVtYV92ZXJzaW9uIjoiMSJ9",
          "dependencies": [
            "module.cloudsql.google_sql_database_instance.sql_instance"
          ]
        }
      ]
    }
  ]
}
